
Microsoft Visual Studio Solution File, Format Version 12.00
# Visual Studio 2013
VisualStudioVersion = 12.0.21005.1
MinimumVisualStudioVersion = 10.0.40219.1
Project("{FAE04EC0-301F-11D3-BF4B-00C04F79EFBC}") = "NZBlog.Entity", "NZBlog.Entity\NZBlog.Entity.csproj", "{62368063-4B18-430E-A1AA-C708C7C413D6}"
EndProject
Project("{FAE04EC0-301F-11D3-BF4B-00C04F79EFBC}") = "NZBlog.Core", "NZBlog.Core\NZBlog.Core.csproj", "{EE60E01A-8558-4137-9C61-75ABB3F27C55}"
EndProject
Project("{FAE04EC0-301F-11D3-BF4B-00C04F79EFBC}") = "NZBlog.Service", "NZBlog.Service\NZBlog.Service.csproj", "{69CC10E7-EA46-4D79-8888-AFDF14F56727}"
EndProject
Project("{FAE04EC0-301F-11D3-BF4B-00C04F79EFBC}") = "NZBlog.Provider", "NZBlog.Provider\NZBlog.Provider.csproj", "{1EE5C08C-9D75-4FC7-BBDB-56F4C3E854DD}"
EndProject
Project("{FAE04EC0-301F-11D3-BF4B-00C04F79EFBC}") = "NZBlog.Factory", "NZBlog.Factory\NZBlog.Factory.csproj", "{B51ADD91-B094-4735-B2F4-3F136938FF85}"
EndProject
Project("{FAE04EC0-301F-11D3-BF4B-00C04F79EFBC}") = "NZBlog.Common", "NZBlog.Common\NZBlog.Common.csproj", "{8C829B6E-EC22-4A97-A8CA-48872B28CFE4}"
EndProject
Project("{FAE04EC0-301F-11D3-BF4B-00C04F79EFBC}") = "NZBlog.Library", "NZBlog.Library\NZBlog.Library.csproj", "{DAE2236D-63D8-4961-9AEB-1942307D5CCA}"
EndProject
Project("{FAE04EC0-301F-11D3-BF4B-00C04F79EFBC}") = "NZBlog.Repository", "NZBlog.Repository\NZBlog.Repository.csproj", "{BE27E602-1442-457D-8058-7D12A7CB31F5}"
EndProject
Project("{FAE04EC0-301F-11D3-BF4B-00C04F79EFBC}") = "Dapper", "Dapper\Dapper.csproj", "{261B373F-22E0-4A21-B005-7FCAE8018E2A}"
EndProject
Project("{FAE04EC0-301F-11D3-BF4B-00C04F79EFBC}") = "NZBlog.Website", "NZBlog.Website\NZBlog.Website.csproj", "{D3683164-FFD3-4AEC-A0EC-2BE89949FB1D}"
EndProject
Global
	GlobalSection(SolutionConfigurationPlatforms) = preSolution
		Debug|Any CPU = Debug|Any CPU
		MONO26-Debug|Any CPU = MONO26-Debug|Any CPU
		MONO26-Release|Any CPU = MONO26-Release|Any CPU
		MONO28-Debug|Any CPU = MONO28-Debug|Any CPU
		MONO28-Release|Any CPU = MONO28-Release|Any CPU
		NET35-Debug|Any CPU = NET35-Debug|Any CPU
		NET35-Release|Any CPU = NET35-Release|Any CPU
		NET40-Debug|Any CPU = NET40-Debug|Any CPU
		NET40-Release|Any CPU = NET40-Release|Any CPU
		Release|Any CPU = Release|Any CPU
		SL30-Debug|Any CPU = SL30-Debug|Any CPU
		SL30-Release|Any CPU = SL30-Release|Any CPU
		SL40-Debug|Any CPU = SL40-Debug|Any CPU
		SL40-Release|Any CPU = SL40-Release|Any CPU
	EndGlobalSection
	GlobalSection(ProjectConfigurationPlatforms) = postSolution
		{62368063-4B18-430E-A1AA-C708C7C413D6}.Debug|Any CPU.ActiveCfg = Debug|Any CPU
		{62368063-4B18-430E-A1AA-C708C7C413D6}.Debug|Any CPU.Build.0 = Debug|Any CPU
		{62368063-4B18-430E-A1AA-C708C7C413D6}.MONO26-Debug|Any CPU.ActiveCfg = Debug|Any CPU
		{62368063-4B18-430E-A1AA-C708C7C413D6}.MONO26-Debug|Any CPU.Build.0 = Debug|Any CPU
		{62368063-4B18-430E-A1AA-C708C7C413D6}.MONO26-Release|Any CPU.ActiveCfg = Release|Any CPU
		{62368063-4B18-430E-A1AA-C708C7C413D6}.MONO26-Release|Any CPU.Build.0 = Release|Any CPU
		{62368063-4B18-430E-A1AA-C708C7C413D6}.MONO28-Debug|Any CPU.ActiveCfg = Debug|Any CPU
		{62368063-4B18-430E-A1AA-C708C7C413D6}.MONO28-Debug|Any CPU.Build.0 = Debug|Any CPU
		{62368063-4B18-430E-A1AA-C708C7C413D6}.MONO28-Release|Any CPU.ActiveCfg = Release|Any CPU
		{62368063-4B18-430E-A1AA-C708C7C413D6}.MONO28-Release|Any CPU.Build.0 = Release|Any CPU
		{62368063-4B18-430E-A1AA-C708C7C413D6}.NET35-Debug|Any CPU.ActiveCfg = Debug|Any CPU
		{62368063-4B18-430E-A1AA-C708C7C413D6}.NET35-Debug|Any CPU.Build.0 = Debug|Any CPU
		{62368063-4B18-430E-A1AA-C708C7C413D6}.NET35-Release|Any CPU.ActiveCfg = Release|Any CPU
		{62368063-4B18-430E-A1AA-C708C7C413D6}.NET35-Release|Any CPU.Build.0 = Release|Any CPU
		{62368063-4B18-430E-A1AA-C708C7C413D6}.NET40-Debug|Any CPU.ActiveCfg = Debug|Any CPU
		{62368063-4B18-430E-A1AA-C708C7C413D6}.NET40-Debug|Any CPU.Build.0 = Debug|Any CPU
		{62368063-4B18-430E-A1AA-C708C7C413D6}.NET40-Release|Any CPU.ActiveCfg = Release|Any CPU
		{62368063-4B18-430E-A1AA-C708C7C413D6}.NET40-Release|Any CPU.Build.0 = Release|Any CPU
		{62368063-4B18-430E-A1AA-C708C7C413D6}.Release|Any CPU.ActiveCfg = Release|Any CPU
		{62368063-4B18-430E-A1AA-C708C7C413D6}.Release|Any CPU.Build.0 = Release|Any CPU
		{62368063-4B18-430E-A1AA-C708C7C413D6}.SL30-Debug|Any CPU.ActiveCfg = Debug|Any CPU
		{62368063-4B18-430E-A1AA-C708C7C413D6}.SL30-Debug|Any CPU.Build.0 = Debug|Any CPU
		{62368063-4B18-430E-A1AA-C708C7C413D6}.SL30-Release|Any CPU.ActiveCfg = Release|Any CPU
		{62368063-4B18-430E-A1AA-C708C7C413D6}.SL30-Release|Any CPU.Build.0 = Release|Any CPU
		{62368063-4B18-430E-A1AA-C708C7C413D6}.SL40-Debug|Any CPU.ActiveCfg = Debug|Any CPU
		{62368063-4B18-430E-A1AA-C708C7C413D6}.SL40-Debug|Any CPU.Build.0 = Debug|Any CPU
		{62368063-4B18-430E-A1AA-C708C7C413D6}.SL40-Release|Any CPU.ActiveCfg = Release|Any CPU
		{62368063-4B18-430E-A1AA-C708C7C413D6}.SL40-Release|Any CPU.Build.0 = Release|Any CPU
		{EE60E01A-8558-4137-9C61-75ABB3F27C55}.Debug|Any CPU.ActiveCfg = Debug|Any CPU
		{EE60E01A-8558-4137-9C61-75ABB3F27C55}.Debug|Any CPU.Build.0 = Debug|Any CPU
		{EE60E01A-8558-4137-9C61-75ABB3F27C55}.MONO26-Debug|Any CPU.ActiveCfg = Debug|Any CPU
		{EE60E01A-8558-4137-9C61-75ABB3F27C55}.MONO26-Debug|Any CPU.Build.0 = Debug|Any CPU
		{EE60E01A-8558-4137-9C61-75ABB3F27C55}.MONO26-Release|Any CPU.ActiveCfg = Release|Any CPU
		{EE60E01A-8558-4137-9C61-75ABB3F27C55}.MONO26-Release|Any CPU.Build.0 = Release|Any CPU
		{EE60E01A-8558-4137-9C61-75ABB3F27C55}.MONO28-Debug|Any CPU.ActiveCfg = Debug|Any CPU
		{EE60E01A-8558-4137-9C61-75ABB3F27C55}.MONO28-Debug|Any CPU.Build.0 = Debug|Any CPU
		{EE60E01A-8558-4137-9C61-75ABB3F27C55}.MONO28-Release|Any CPU.ActiveCfg = Release|Any CPU
		{EE60E01A-8558-4137-9C61-75ABB3F27C55}.MONO28-Release|Any CPU.Build.0 = Release|Any CPU
		{EE60E01A-8558-4137-9C61-75ABB3F27C55}.NET35-Debug|Any CPU.ActiveCfg = Debug|Any CPU
		{EE60E01A-8558-4137-9C61-75ABB3F27C55}.NET35-Debug|Any CPU.Build.0 = Debug|Any CPU
		{EE60E01A-8558-4137-9C61-75ABB3F27C55}.NET35-Release|Any CPU.ActiveCfg = Release|Any CPU
		{EE60E01A-8558-4137-9C61-75ABB3F27C55}.NET35-Release|Any CPU.Build.0 = Release|Any CPU
		{EE60E01A-8558-4137-9C61-75ABB3F27C55}.NET40-Debug|Any CPU.ActiveCfg = Debug|Any CPU
		{EE60E01A-8558-4137-9C61-75ABB3F27C55}.NET40-Debug|Any CPU.Build.0 = Debug|Any CPU
		{EE60E01A-8558-4137-9C61-75ABB3F27C55}.NET40-Release|Any CPU.ActiveCfg = Release|Any CPU
		{EE60E01A-8558-4137-9C61-75ABB3F27C55}.NET40-Release|Any CPU.Build.0 = Release|Any CPU
		{EE60E01A-8558-4137-9C61-75ABB3F27C55}.Release|Any CPU.ActiveCfg = Release|Any CPU
		{EE60E01A-8558-4137-9C61-75ABB3F27C55}.Release|Any CPU.Build.0 = Release|Any CPU
		{EE60E01A-8558-4137-9C61-75ABB3F27C55}.SL30-Debug|Any CPU.ActiveCfg = Debug|Any CPU
		{EE60E01A-8558-4137-9C61-75ABB3F27C55}.SL30-Debug|Any CPU.Build.0 = Debug|Any CPU
		{EE60E01A-8558-4137-9C61-75ABB3F27C55}.SL30-Release|Any CPU.ActiveCfg = Release|Any CPU
		{EE60E01A-8558-4137-9C61-75ABB3F27C55}.SL30-Release|Any CPU.Build.0 = Release|Any CPU
		{EE60E01A-8558-4137-9C61-75ABB3F27C55}.SL40-Debug|Any CPU.ActiveCfg = Debug|Any CPU
		{EE60E01A-8558-4137-9C61-75ABB3F27C55}.SL40-Debug|Any CPU.Build.0 = Debug|Any CPU
		{EE60E01A-8558-4137-9C61-75ABB3F27C55}.SL40-Release|Any CPU.ActiveCfg = Release|Any CPU
		{EE60E01A-8558-4137-9C61-75ABB3F27C55}.SL40-Release|Any CPU.Build.0 = Release|Any CPU
		{69CC10E7-EA46-4D79-8888-AFDF14F56727}.Debug|Any CPU.ActiveCfg = Debug|Any CPU
		{69CC10E7-EA46-4D79-8888-AFDF14F56727}.Debug|Any CPU.Build.0 = Debug|Any CPU
		{69CC10E7-EA46-4D79-8888-AFDF14F56727}.MONO26-Debug|Any CPU.ActiveCfg = Debug|Any CPU
		{69CC10E7-EA46-4D79-8888-AFDF14F56727}.MONO26-Debug|Any CPU.Build.0 = Debug|Any CPU
		{69CC10E7-EA46-4D79-8888-AFDF14F56727}.MONO26-Release|Any CPU.ActiveCfg = Release|Any CPU
		{69CC10E7-EA46-4D79-8888-AFDF14F56727}.MONO26-Release|Any CPU.Build.0 = Release|Any CPU
		{69CC10E7-EA46-4D79-8888-AFDF14F56727}.MONO28-Debug|Any CPU.ActiveCfg = Debug|Any CPU
		{69CC10E7-EA46-4D79-8888-AFDF14F56727}.MONO28-Debug|Any CPU.Build.0 = Debug|Any CPU
		{69CC10E7-EA46-4D79-8888-AFDF14F56727}.MONO28-Release|Any CPU.ActiveCfg = Release|Any CPU
		{69CC10E7-EA46-4D79-8888-AFDF14F56727}.MONO28-Release|Any CPU.Build.0 = Release|Any CPU
		{69CC10E7-EA46-4D79-8888-AFDF14F56727}.NET35-Debug|Any CPU.ActiveCfg = Debug|Any CPU
		{69CC10E7-EA46-4D79-8888-AFDF14F56727}.NET35-Debug|Any CPU.Build.0 = Debug|Any CPU
		{69CC10E7-EA46-4D79-8888-AFDF14F56727}.NET35-Release|Any CPU.ActiveCfg = Release|Any CPU
		{69CC10E7-EA46-4D79-8888-AFDF14F56727}.NET35-Release|Any CPU.Build.0 = Release|Any CPU
		{69CC10E7-EA46-4D79-8888-AFDF14F56727}.NET40-Debug|Any CPU.ActiveCfg = Debug|Any CPU
		{69CC10E7-EA46-4D79-8888-AFDF14F56727}.NET40-Debug|Any CPU.Build.0 = Debug|Any CPU
		{69CC10E7-EA46-4D79-8888-AFDF14F56727}.NET40-Release|Any CPU.ActiveCfg = Release|Any CPU
		{69CC10E7-EA46-4D79-8888-AFDF14F56727}.NET40-Release|Any CPU.Build.0 = Release|Any CPU
		{69CC10E7-EA46-4D79-8888-AFDF14F56727}.Release|Any CPU.ActiveCfg = Release|Any CPU
		{69CC10E7-EA46-4D79-8888-AFDF14F56727}.Release|Any CPU.Build.0 = Release|Any CPU
		{69CC10E7-EA46-4D79-8888-AFDF14F56727}.SL30-Debug|Any CPU.ActiveCfg = Debug|Any CPU
		{69CC10E7-EA46-4D79-8888-AFDF14F56727}.SL30-Debug|Any CPU.Build.0 = Debug|Any CPU
		{69CC10E7-EA46-4D79-8888-AFDF14F56727}.SL30-Release|Any CPU.ActiveCfg = Release|Any CPU
		{69CC10E7-EA46-4D79-8888-AFDF14F56727}.SL30-Release|Any CPU.Build.0 = Release|Any CPU
		{69CC10E7-EA46-4D79-8888-AFDF14F56727}.SL40-Debug|Any CPU.ActiveCfg = Debug|Any CPU
		{69CC10E7-EA46-4D79-8888-AFDF14F56727}.SL40-Debug|Any CPU.Build.0 = Debug|Any CPU
		{69CC10E7-EA46-4D79-8888-AFDF14F56727}.SL40-Release|Any CPU.ActiveCfg = Release|Any CPU
		{69CC10E7-EA46-4D79-8888-AFDF14F56727}.SL40-Release|Any CPU.Build.0 = Release|Any CPU
		{1EE5C08C-9D75-4FC7-BBDB-56F4C3E854DD}.Debug|Any CPU.ActiveCfg = Debug|Any CPU
		{1EE5C08C-9D75-4FC7-BBDB-56F4C3E854DD}.Debug|Any CPU.Build.0 = Debug|Any CPU
		{1EE5C08C-9D75-4FC7-BBDB-56F4C3E854DD}.MONO26-Debug|Any CPU.ActiveCfg = Debug|Any CPU
		{1EE5C08C-9D75-4FC7-BBDB-56F4C3E854DD}.MONO26-Debug|Any CPU.Build.0 = Debug|Any CPU
		{1EE5C08C-9D75-4FC7-BBDB-56F4C3E854DD}.MONO26-Release|Any CPU.ActiveCfg = Release|Any CPU
		{1EE5C08C-9D75-4FC7-BBDB-56F4C3E854DD}.MONO26-Release|Any CPU.Build.0 = Release|Any CPU
		{1EE5C08C-9D75-4FC7-BBDB-56F4C3E854DD}.MONO28-Debug|Any CPU.ActiveCfg = Debug|Any CPU
		{1EE5C08C-9D75-4FC7-BBDB-56F4C3E854DD}.MONO28-Debug|Any CPU.Build.0 = Debug|Any CPU
		{1EE5C08C-9D75-4FC7-BBDB-56F4C3E854DD}.MONO28-Release|Any CPU.ActiveCfg = Release|Any CPU
		{1EE5C08C-9D75-4FC7-BBDB-56F4C3E854DD}.MONO28-Release|Any CPU.Build.0 = Release|Any CPU
		{1EE5C08C-9D75-4FC7-BBDB-56F4C3E854DD}.NET35-Debug|Any CPU.ActiveCfg = Debug|Any CPU
		{1EE5C08C-9D75-4FC7-BBDB-56F4C3E854DD}.NET35-Debug|Any CPU.Build.0 = Debug|Any CPU
		{1EE5C08C-9D75-4FC7-BBDB-56F4C3E854DD}.NET35-Release|Any CPU.ActiveCfg = Release|Any CPU
		{1EE5C08C-9D75-4FC7-BBDB-56F4C3E854DD}.NET35-Release|Any CPU.Build.0 = Release|Any CPU
		{1EE5C08C-9D75-4FC7-BBDB-56F4C3E854DD}.NET40-Debug|Any CPU.ActiveCfg = Debug|Any CPU
		{1EE5C08C-9D75-4FC7-BBDB-56F4C3E854DD}.NET40-Debug|Any CPU.Build.0 = Debug|Any CPU
		{1EE5C08C-9D75-4FC7-BBDB-56F4C3E854DD}.NET40-Release|Any CPU.ActiveCfg = Release|Any CPU
		{1EE5C08C-9D75-4FC7-BBDB-56F4C3E854DD}.NET40-Release|Any CPU.Build.0 = Release|Any CPU
		{1EE5C08C-9D75-4FC7-BBDB-56F4C3E854DD}.Release|Any CPU.ActiveCfg = Release|Any CPU
		{1EE5C08C-9D75-4FC7-BBDB-56F4C3E854DD}.Release|Any CPU.Build.0 = Release|Any CPU
		{1EE5C08C-9D75-4FC7-BBDB-56F4C3E854DD}.SL30-Debug|Any CPU.ActiveCfg = Debug|Any CPU
		{1EE5C08C-9D75-4FC7-BBDB-56F4C3E854DD}.SL30-Debug|Any CPU.Build.0 = Debug|Any CPU
		{1EE5C08C-9D75-4FC7-BBDB-56F4C3E854DD}.SL30-Release|Any CPU.ActiveCfg = Release|Any CPU
		{1EE5C08C-9D75-4FC7-BBDB-56F4C3E854DD}.SL30-Release|Any CPU.Build.0 = Release|Any CPU
		{1EE5C08C-9D75-4FC7-BBDB-56F4C3E854DD}.SL40-Debug|Any CPU.ActiveCfg = Debug|Any CPU
		{1EE5C08C-9D75-4FC7-BBDB-56F4C3E854DD}.SL40-Debug|Any CPU.Build.0 = Debug|Any CPU
		{1EE5C08C-9D75-4FC7-BBDB-56F4C3E854DD}.SL40-Release|Any CPU.ActiveCfg = Release|Any CPU
		{1EE5C08C-9D75-4FC7-BBDB-56F4C3E854DD}.SL40-Release|Any CPU.Build.0 = Release|Any CPU
		{B51ADD91-B094-4735-B2F4-3F136938FF85}.Debug|Any CPU.ActiveCfg = Debug|Any CPU
		{B51ADD91-B094-4735-B2F4-3F136938FF85}.Debug|Any CPU.Build.0 = Debug|Any CPU
		{B51ADD91-B094-4735-B2F4-3F136938FF85}.MONO26-Debug|Any CPU.ActiveCfg = Debug|Any CPU
		{B51ADD91-B094-4735-B2F4-3F136938FF85}.MONO26-Debug|Any CPU.Build.0 = Debug|Any CPU
		{B51ADD91-B094-4735-B2F4-3F136938FF85}.MONO26-Release|Any CPU.ActiveCfg = Release|Any CPU
		{B51ADD91-B094-4735-B2F4-3F136938FF85}.MONO26-Release|Any CPU.Build.0 = Release|Any CPU
		{B51ADD91-B094-4735-B2F4-3F136938FF85}.MONO28-Debug|Any CPU.ActiveCfg = Debug|Any CPU
		{B51ADD91-B094-4735-B2F4-3F136938FF85}.MONO28-Debug|Any CPU.Build.0 = Debug|Any CPU
		{B51ADD91-B094-4735-B2F4-3F136938FF85}.MONO28-Release|Any CPU.ActiveCfg = Release|Any CPU
		{B51ADD91-B094-4735-B2F4-3F136938FF85}.MONO28-Release|Any CPU.Build.0 = Release|Any CPU
		{B51ADD91-B094-4735-B2F4-3F136938FF85}.NET35-Debug|Any CPU.ActiveCfg = Debug|Any CPU
		{B51ADD91-B094-4735-B2F4-3F136938FF85}.NET35-Debug|Any CPU.Build.0 = Debug|Any CPU
		{B51ADD91-B094-4735-B2F4-3F136938FF85}.NET35-Release|Any CPU.ActiveCfg = Release|Any CPU
		{B51ADD91-B094-4735-B2F4-3F136938FF85}.NET35-Release|Any CPU.Build.0 = Release|Any CPU
		{B51ADD91-B094-4735-B2F4-3F136938FF85}.NET40-Debug|Any CPU.ActiveCfg = Debug|Any CPU
		{B51ADD91-B094-4735-B2F4-3F136938FF85}.NET40-Debug|Any CPU.Build.0 = Debug|Any CPU
		{B51ADD91-B094-4735-B2F4-3F136938FF85}.NET40-Release|Any CPU.ActiveCfg = Release|Any CPU
		{B51ADD91-B094-4735-B2F4-3F136938FF85}.NET40-Release|Any CPU.Build.0 = Release|Any CPU
		{B51ADD91-B094-4735-B2F4-3F136938FF85}.Release|Any CPU.ActiveCfg = Release|Any CPU
		{B51ADD91-B094-4735-B2F4-3F136938FF85}.Release|Any CPU.Build.0 = Release|Any CPU
		{B51ADD91-B094-4735-B2F4-3F136938FF85}.SL30-Debug|Any CPU.ActiveCfg = Debug|Any CPU
		{B51ADD91-B094-4735-B2F4-3F136938FF85}.SL30-Debug|Any CPU.Build.0 = Debug|Any CPU
		{B51ADD91-B094-4735-B2F4-3F136938FF85}.SL30-Release|Any CPU.ActiveCfg = Release|Any CPU
		{B51ADD91-B094-4735-B2F4-3F136938FF85}.SL30-Release|Any CPU.Build.0 = Release|Any CPU
		{B51ADD91-B094-4735-B2F4-3F136938FF85}.SL40-Debug|Any CPU.ActiveCfg = Debug|Any CPU
		{B51ADD91-B094-4735-B2F4-3F136938FF85}.SL40-Debug|Any CPU.Build.0 = Debug|Any CPU
		{B51ADD91-B094-4735-B2F4-3F136938FF85}.SL40-Release|Any CPU.ActiveCfg = Release|Any CPU
		{B51ADD91-B094-4735-B2F4-3F136938FF85}.SL40-Release|Any CPU.Build.0 = Release|Any CPU
		{8C829B6E-EC22-4A97-A8CA-48872B28CFE4}.Debug|Any CPU.ActiveCfg = Debug|Any CPU
		{8C829B6E-EC22-4A97-A8CA-48872B28CFE4}.Debug|Any CPU.Build.0 = Debug|Any CPU
		{8C829B6E-EC22-4A97-A8CA-48872B28CFE4}.MONO26-Debug|Any CPU.ActiveCfg = Debug|Any CPU
		{8C829B6E-EC22-4A97-A8CA-48872B28CFE4}.MONO26-Debug|Any CPU.Build.0 = Debug|Any CPU
		{8C829B6E-EC22-4A97-A8CA-48872B28CFE4}.MONO26-Release|Any CPU.ActiveCfg = Release|Any CPU
		{8C829B6E-EC22-4A97-A8CA-48872B28CFE4}.MONO26-Release|Any CPU.Build.0 = Release|Any CPU
		{8C829B6E-EC22-4A97-A8CA-48872B28CFE4}.MONO28-Debug|Any CPU.ActiveCfg = Debug|Any CPU
		{8C829B6E-EC22-4A97-A8CA-48872B28CFE4}.MONO28-Debug|Any CPU.Build.0 = Debug|Any CPU
		{8C829B6E-EC22-4A97-A8CA-48872B28CFE4}.MONO28-Release|Any CPU.ActiveCfg = Release|Any CPU
		{8C829B6E-EC22-4A97-A8CA-48872B28CFE4}.MONO28-Release|Any CPU.Build.0 = Release|Any CPU
		{8C829B6E-EC22-4A97-A8CA-48872B28CFE4}.NET35-Debug|Any CPU.ActiveCfg = Debug|Any CPU
		{8C829B6E-EC22-4A97-A8CA-48872B28CFE4}.NET35-Debug|Any CPU.Build.0 = Debug|Any CPU
		{8C829B6E-EC22-4A97-A8CA-48872B28CFE4}.NET35-Release|Any CPU.ActiveCfg = Release|Any CPU
		{8C829B6E-EC22-4A97-A8CA-48872B28CFE4}.NET35-Release|Any CPU.Build.0 = Release|Any CPU
		{8C829B6E-EC22-4A97-A8CA-48872B28CFE4}.NET40-Debug|Any CPU.ActiveCfg = Debug|Any CPU
		{8C829B6E-EC22-4A97-A8CA-48872B28CFE4}.NET40-Debug|Any CPU.Build.0 = Debug|Any CPU
		{8C829B6E-EC22-4A97-A8CA-48872B28CFE4}.NET40-Release|Any CPU.ActiveCfg = Release|Any CPU
		{8C829B6E-EC22-4A97-A8CA-48872B28CFE4}.NET40-Release|Any CPU.Build.0 = Release|Any CPU
		{8C829B6E-EC22-4A97-A8CA-48872B28CFE4}.Release|Any CPU.ActiveCfg = Release|Any CPU
		{8C829B6E-EC22-4A97-A8CA-48872B28CFE4}.Release|Any CPU.Build.0 = Release|Any CPU
		{8C829B6E-EC22-4A97-A8CA-48872B28CFE4}.SL30-Debug|Any CPU.ActiveCfg = Debug|Any CPU
		{8C829B6E-EC22-4A97-A8CA-48872B28CFE4}.SL30-Debug|Any CPU.Build.0 = Debug|Any CPU
		{8C829B6E-EC22-4A97-A8CA-48872B28CFE4}.SL30-Release|Any CPU.ActiveCfg = Release|Any CPU
		{8C829B6E-EC22-4A97-A8CA-48872B28CFE4}.SL30-Release|Any CPU.Build.0 = Release|Any CPU
		{8C829B6E-EC22-4A97-A8CA-48872B28CFE4}.SL40-Debug|Any CPU.ActiveCfg = Debug|Any CPU
		{8C829B6E-EC22-4A97-A8CA-48872B28CFE4}.SL40-Debug|Any CPU.Build.0 = Debug|Any CPU
		{8C829B6E-EC22-4A97-A8CA-48872B28CFE4}.SL40-Release|Any CPU.ActiveCfg = Release|Any CPU
		{8C829B6E-EC22-4A97-A8CA-48872B28CFE4}.SL40-Release|Any CPU.Build.0 = Release|Any CPU
		{DAE2236D-63D8-4961-9AEB-1942307D5CCA}.Debug|Any CPU.ActiveCfg = Debug|Any CPU
		{DAE2236D-63D8-4961-9AEB-1942307D5CCA}.Debug|Any CPU.Build.0 = Debug|Any CPU
		{DAE2236D-63D8-4961-9AEB-1942307D5CCA}.MONO26-Debug|Any CPU.ActiveCfg = Debug|Any CPU
		{DAE2236D-63D8-4961-9AEB-1942307D5CCA}.MONO26-Debug|Any CPU.Build.0 = Debug|Any CPU
		{DAE2236D-63D8-4961-9AEB-1942307D5CCA}.MONO26-Release|Any CPU.ActiveCfg = Release|Any CPU
		{DAE2236D-63D8-4961-9AEB-1942307D5CCA}.MONO26-Release|Any CPU.Build.0 = Release|Any CPU
		{DAE2236D-63D8-4961-9AEB-1942307D5CCA}.MONO28-Debug|Any CPU.ActiveCfg = Debug|Any CPU
		{DAE2236D-63D8-4961-9AEB-1942307D5CCA}.MONO28-Debug|Any CPU.Build.0 = Debug|Any CPU
		{DAE2236D-63D8-4961-9AEB-1942307D5CCA}.MONO28-Release|Any CPU.ActiveCfg = Release|Any CPU
		{DAE2236D-63D8-4961-9AEB-1942307D5CCA}.MONO28-Release|Any CPU.Build.0 = Release|Any CPU
		{DAE2236D-63D8-4961-9AEB-1942307D5CCA}.NET35-Debug|Any CPU.ActiveCfg = Debug|Any CPU
		{DAE2236D-63D8-4961-9AEB-1942307D5CCA}.NET35-Debug|Any CPU.Build.0 = Debug|Any CPU
		{DAE2236D-63D8-4961-9AEB-1942307D5CCA}.NET35-Release|Any CPU.ActiveCfg = Release|Any CPU
		{DAE2236D-63D8-4961-9AEB-1942307D5CCA}.NET35-Release|Any CPU.Build.0 = Release|Any CPU
		{DAE2236D-63D8-4961-9AEB-1942307D5CCA}.NET40-Debug|Any CPU.ActiveCfg = Debug|Any CPU
		{DAE2236D-63D8-4961-9AEB-1942307D5CCA}.NET40-Debug|Any CPU.Build.0 = Debug|Any CPU
		{DAE2236D-63D8-4961-9AEB-1942307D5CCA}.NET40-Release|Any CPU.ActiveCfg = Release|Any CPU
		{DAE2236D-63D8-4961-9AEB-1942307D5CCA}.NET40-Release|Any CPU.Build.0 = Release|Any CPU
		{DAE2236D-63D8-4961-9AEB-1942307D5CCA}.Release|Any CPU.ActiveCfg = Release|Any CPU
		{DAE2236D-63D8-4961-9AEB-1942307D5CCA}.Release|Any CPU.Build.0 = Release|Any CPU
		{DAE2236D-63D8-4961-9AEB-1942307D5CCA}.SL30-Debug|Any CPU.ActiveCfg = Debug|Any CPU
		{DAE2236D-63D8-4961-9AEB-1942307D5CCA}.SL30-Debug|Any CPU.Build.0 = Debug|Any CPU
		{DAE2236D-63D8-4961-9AEB-1942307D5CCA}.SL30-Release|Any CPU.ActiveCfg = Release|Any CPU
		{DAE2236D-63D8-4961-9AEB-1942307D5CCA}.SL30-Release|Any CPU.Build.0 = Release|Any CPU
		{DAE2236D-63D8-4961-9AEB-1942307D5CCA}.SL40-Debug|Any CPU.ActiveCfg = Debug|Any CPU
		{DAE2236D-63D8-4961-9AEB-1942307D5CCA}.SL40-Debug|Any CPU.Build.0 = Debug|Any CPU
		{DAE2236D-63D8-4961-9AEB-1942307D5CCA}.SL40-Release|Any CPU.ActiveCfg = Release|Any CPU
		{DAE2236D-63D8-4961-9AEB-1942307D5CCA}.SL40-Release|Any CPU.Build.0 = Release|Any CPU
		{BE27E602-1442-457D-8058-7D12A7CB31F5}.Debug|Any CPU.ActiveCfg = Debug|Any CPU
		{BE27E602-1442-457D-8058-7D12A7CB31F5}.Debug|Any CPU.Build.0 = Debug|Any CPU
		{BE27E602-1442-457D-8058-7D12A7CB31F5}.MONO26-Debug|Any CPU.ActiveCfg = Debug|Any CPU
		{BE27E602-1442-457D-8058-7D12A7CB31F5}.MONO26-Debug|Any CPU.Build.0 = Debug|Any CPU
		{BE27E602-1442-457D-8058-7D12A7CB31F5}.MONO26-Release|Any CPU.ActiveCfg = Release|Any CPU
		{BE27E602-1442-457D-8058-7D12A7CB31F5}.MONO26-Release|Any CPU.Build.0 = Release|Any CPU
		{BE27E602-1442-457D-8058-7D12A7CB31F5}.MONO28-Debug|Any CPU.ActiveCfg = Debug|Any CPU
		{BE27E602-1442-457D-8058-7D12A7CB31F5}.MONO28-Debug|Any CPU.Build.0 = Debug|Any CPU
		{BE27E602-1442-457D-8058-7D12A7CB31F5}.MONO28-Release|Any CPU.ActiveCfg = Release|Any CPU
		{BE27E602-1442-457D-8058-7D12A7CB31F5}.MONO28-Release|Any CPU.Build.0 = Release|Any CPU
		{BE27E602-1442-457D-8058-7D12A7CB31F5}.NET35-Debug|Any CPU.ActiveCfg = Debug|Any CPU
		{BE27E602-1442-457D-8058-7D12A7CB31F5}.NET35-Debug|Any CPU.Build.0 = Debug|Any CPU
		{BE27E602-1442-457D-8058-7D12A7CB31F5}.NET35-Release|Any CPU.ActiveCfg = Release|Any CPU
		{BE27E602-1442-457D-8058-7D12A7CB31F5}.NET35-Release|Any CPU.Build.0 = Release|Any CPU
		{BE27E602-1442-457D-8058-7D12A7CB31F5}.NET40-Debug|Any CPU.ActiveCfg = Debug|Any CPU
		{BE27E602-1442-457D-8058-7D12A7CB31F5}.NET40-Debug|Any CPU.Build.0 = Debug|Any CPU
		{BE27E602-1442-457D-8058-7D12A7CB31F5}.NET40-Release|Any CPU.ActiveCfg = Release|Any CPU
		{BE27E602-1442-457D-8058-7D12A7CB31F5}.NET40-Release|Any CPU.Build.0 = Release|Any CPU
		{BE27E602-1442-457D-8058-7D12A7CB31F5}.Release|Any CPU.ActiveCfg = Release|Any CPU
		{BE27E602-1442-457D-8058-7D12A7CB31F5}.Release|Any CPU.Build.0 = Release|Any CPU
		{BE27E602-1442-457D-8058-7D12A7CB31F5}.SL30-Debug|Any CPU.ActiveCfg = Debug|Any CPU
		{BE27E602-1442-457D-8058-7D12A7CB31F5}.SL30-Debug|Any CPU.Build.0 = Debug|Any CPU
		{BE27E602-1442-457D-8058-7D12A7CB31F5}.SL30-Release|Any CPU.ActiveCfg = Release|Any CPU
		{BE27E602-1442-457D-8058-7D12A7CB31F5}.SL30-Release|Any CPU.Build.0 = Release|Any CPU
		{BE27E602-1442-457D-8058-7D12A7CB31F5}.SL40-Debug|Any CPU.ActiveCfg = Debug|Any CPU
		{BE27E602-1442-457D-8058-7D12A7CB31F5}.SL40-Debug|Any CPU.Build.0 = Debug|Any CPU
		{BE27E602-1442-457D-8058-7D12A7CB31F5}.SL40-Release|Any CPU.ActiveCfg = Release|Any CPU
		{BE27E602-1442-457D-8058-7D12A7CB31F5}.SL40-Release|Any CPU.Build.0 = Release|Any CPU
		{261B373F-22E0-4A21-B005-7FCAE8018E2A}.Debug|Any CPU.ActiveCfg = Debug|Any CPU
		{261B373F-22E0-4A21-B005-7FCAE8018E2A}.Debug|Any CPU.Build.0 = Debug|Any CPU
		{261B373F-22E0-4A21-B005-7FCAE8018E2A}.MONO26-Debug|Any CPU.ActiveCfg = Debug|Any CPU
		{261B373F-22E0-4A21-B005-7FCAE8018E2A}.MONO26-Debug|Any CPU.Build.0 = Debug|Any CPU
		{261B373F-22E0-4A21-B005-7FCAE8018E2A}.MONO26-Release|Any CPU.ActiveCfg = Release|Any CPU
		{261B373F-22E0-4A21-B005-7FCAE8018E2A}.MONO26-Release|Any CPU.Build.0 = Release|Any CPU
		{261B373F-22E0-4A21-B005-7FCAE8018E2A}.MONO28-Debug|Any CPU.ActiveCfg = Debug|Any CPU
		{261B373F-22E0-4A21-B005-7FCAE8018E2A}.MONO28-Debug|Any CPU.Build.0 = Debug|Any CPU
		{261B373F-22E0-4A21-B005-7FCAE8018E2A}.MONO28-Release|Any CPU.ActiveCfg = Release|Any CPU
		{261B373F-22E0-4A21-B005-7FCAE8018E2A}.MONO28-Release|Any CPU.Build.0 = Release|Any CPU
		{261B373F-22E0-4A21-B005-7FCAE8018E2A}.NET35-Debug|Any CPU.ActiveCfg = Debug|Any CPU
		{261B373F-22E0-4A21-B005-7FCAE8018E2A}.NET35-Debug|Any CPU.Build.0 = Debug|Any CPU
		{261B373F-22E0-4A21-B005-7FCAE8018E2A}.NET35-Release|Any CPU.ActiveCfg = Release|Any CPU
		{261B373F-22E0-4A21-B005-7FCAE8018E2A}.NET35-Release|Any CPU.Build.0 = Release|Any CPU
		{261B373F-22E0-4A21-B005-7FCAE8018E2A}.NET40-Debug|Any CPU.ActiveCfg = Debug|Any CPU
		{261B373F-22E0-4A21-B005-7FCAE8018E2A}.NET40-Debug|Any CPU.Build.0 = Debug|Any CPU
		{261B373F-22E0-4A21-B005-7FCAE8018E2A}.NET40-Release|Any CPU.ActiveCfg = Release|Any CPU
		{261B373F-22E0-4A21-B005-7FCAE8018E2A}.NET40-Release|Any CPU.Build.0 = Release|Any CPU
		{261B373F-22E0-4A21-B005-7FCAE8018E2A}.Release|Any CPU.ActiveCfg = Release|Any CPU
		{261B373F-22E0-4A21-B005-7FCAE8018E2A}.Release|Any CPU.Build.0 = Release|Any CPU
		{261B373F-22E0-4A21-B005-7FCAE8018E2A}.SL30-Debug|Any CPU.ActiveCfg = Debug|Any CPU
		{261B373F-22E0-4A21-B005-7FCAE8018E2A}.SL30-Debug|Any CPU.Build.0 = Debug|Any CPU
		{261B373F-22E0-4A21-B005-7FCAE8018E2A}.SL30-Release|Any CPU.ActiveCfg = Release|Any CPU
		{261B373F-22E0-4A21-B005-7FCAE8018E2A}.SL30-Release|Any CPU.Build.0 = Release|Any CPU
		{261B373F-22E0-4A21-B005-7FCAE8018E2A}.SL40-Debug|Any CPU.ActiveCfg = Debug|Any CPU
		{261B373F-22E0-4A21-B005-7FCAE8018E2A}.SL40-Debug|Any CPU.Build.0 = Debug|Any CPU
		{261B373F-22E0-4A21-B005-7FCAE8018E2A}.SL40-Release|Any CPU.ActiveCfg = Release|Any CPU
		{261B373F-22E0-4A21-B005-7FCAE8018E2A}.SL40-Release|Any CPU.Build.0 = Release|Any CPU
		{D3683164-FFD3-4AEC-A0EC-2BE89949FB1D}.Debug|Any CPU.ActiveCfg = Debug|Any CPU
		{D3683164-FFD3-4AEC-A0EC-2BE89949FB1D}.Debug|Any CPU.Build.0 = Debug|Any CPU
		{D3683164-FFD3-4AEC-A0EC-2BE89949FB1D}.MONO26-Debug|Any CPU.ActiveCfg = Debug|Any CPU
		{D3683164-FFD3-4AEC-A0EC-2BE89949FB1D}.MONO26-Debug|Any CPU.Build.0 = Debug|Any CPU
		{D3683164-FFD3-4AEC-A0EC-2BE89949FB1D}.MONO26-Release|Any CPU.ActiveCfg = Release|Any CPU
		{D3683164-FFD3-4AEC-A0EC-2BE89949FB1D}.MONO26-Release|Any CPU.Build.0 = Release|Any CPU
		{D3683164-FFD3-4AEC-A0EC-2BE89949FB1D}.MONO28-Debug|Any CPU.ActiveCfg = Debug|Any CPU
		{D3683164-FFD3-4AEC-A0EC-2BE89949FB1D}.MONO28-Debug|Any CPU.Build.0 = Debug|Any CPU
		{D3683164-FFD3-4AEC-A0EC-2BE89949FB1D}.MONO28-Release|Any CPU.ActiveCfg = Release|Any CPU
		{D3683164-FFD3-4AEC-A0EC-2BE89949FB1D}.MONO28-Release|Any CPU.Build.0 = Release|Any CPU
		{D3683164-FFD3-4AEC-A0EC-2BE89949FB1D}.NET35-Debug|Any CPU.ActiveCfg = Debug|Any CPU
		{D3683164-FFD3-4AEC-A0EC-2BE89949FB1D}.NET35-Debug|Any CPU.Build.0 = Debug|Any CPU
		{D3683164-FFD3-4AEC-A0EC-2BE89949FB1D}.NET35-Release|Any CPU.ActiveCfg = Release|Any CPU
		{D3683164-FFD3-4AEC-A0EC-2BE89949FB1D}.NET35-Release|Any CPU.Build.0 = Release|Any CPU
		{D3683164-FFD3-4AEC-A0EC-2BE89949FB1D}.NET40-Debug|Any CPU.ActiveCfg = Debug|Any CPU
		{D3683164-FFD3-4AEC-A0EC-2BE89949FB1D}.NET40-Debug|Any CPU.Build.0 = Debug|Any CPU
		{D3683164-FFD3-4AEC-A0EC-2BE89949FB1D}.NET40-Release|Any CPU.ActiveCfg = Release|Any CPU
		{D3683164-FFD3-4AEC-A0EC-2BE89949FB1D}.NET40-Release|Any CPU.Build.0 = Release|Any CPU
		{D3683164-FFD3-4AEC-A0EC-2BE89949FB1D}.Release|Any CPU.ActiveCfg = Release|Any CPU
		{D3683164-FFD3-4AEC-A0EC-2BE89949FB1D}.Release|Any CPU.Build.0 = Release|Any CPU
		{D3683164-FFD3-4AEC-A0EC-2BE89949FB1D}.SL30-Debug|Any CPU.ActiveCfg = Debug|Any CPU
		{D3683164-FFD3-4AEC-A0EC-2BE89949FB1D}.SL30-Debug|Any CPU.Build.0 = Debug|Any CPU
		{D3683164-FFD3-4AEC-A0EC-2BE89949FB1D}.SL30-Release|Any CPU.ActiveCfg = Release|Any CPU
		{D3683164-FFD3-4AEC-A0EC-2BE89949FB1D}.SL30-Release|Any CPU.Build.0 = Release|Any CPU
		{D3683164-FFD3-4AEC-A0EC-2BE89949FB1D}.SL40-Debug|Any CPU.ActiveCfg = Debug|Any CPU
		{D3683164-FFD3-4AEC-A0EC-2BE89949FB1D}.SL40-Debug|Any CPU.Build.0 = Debug|Any CPU
		{D3683164-FFD3-4AEC-A0EC-2BE89949FB1D}.SL40-Release|Any CPU.ActiveCfg = Release|Any CPU
		{D3683164-FFD3-4AEC-A0EC-2BE89949FB1D}.SL40-Release|Any CPU.Build.0 = Release|Any CPU
	EndGlobalSection
	GlobalSection(SolutionProperties) = preSolution
		HideSolutionNode = FALSE
	EndGlobalSection
EndGlobal
